{
  "name": "frontend",
  "version": "0.0.0",
  "lockfileVersion": 3,
  "requires": true,
  "packages": {
    "": {
      "name": "frontend",
      "version": "0.0.0",
      "dependencies": {
        "@gsap/react": "^2.1.2",
        "@react-three/fiber": "^9.6.1",
        "@react-three/postprocessing": "^3.0.4",
        "@types/three": "^0.184.1",
        "d3-array": "^3.2.4",
        "d3-geo": "^3.1.1",
        "gsap": "^3.15.0",
        "lenis": "^1.3.23",
        "motion": "^11.18.0",
        "ogl": "^1.0.11",
        "postprocessing": "^6.39.1",
        "react": "^19.2.6",
        "react-dom": "^19.2.6",
        "react-globe.gl": "^2.38.0",
        "three": "^0.184.0",
        "topojson-client": "^3.1.0"
      },
      "devDependencies": {
        "@eslint/js": "^10.0.1",
        "@types/d3-array": "^3.2.2",
        "@types/d3-geo": "^3.1.0",
        "@types/node": "^24.12.3",
        "@types/react": "^19.2.14",
        "@types/react-dom": "^19.2.3",
        "@types/topojson-client": "^3.1.5",
        "@vitejs/plugin-react": "^6.0.1",
        "eslint": "^10.3.0",
        "eslint-plugin-react-hooks": "^7.1.1",
        "eslint-plugin-react-refresh": "^0.5.2",
        "globals": "^17.6.0",
        "typescript": "~6.0.2",
        "typescript-eslint": "^8.59.2",
        "vite": "^8.0.12"
      }
    },
    "../../node_modules/.pnpm/@eslint+js@10.0.1_eslint@10.4.0/node_modules/@eslint/js": {
      "version": "10.0.1",
      "dev": true,
      "license": "MIT",
      "engines": {
        "node": "^20.19.0 || ^22.13.0 || >=24"
      },
      "funding": {
        "url": "https://eslint.org/donate"
      },
      "peerDependencies": {
        "eslint": "^10.0.0"
      },
      "peerDependenciesMeta": {
        "eslint": {
          "optional": true
        }
      }
    },
    "../../node_modules/.pnpm/@gsap+react@2.1.2_gsap@3.15.0_react@19.2.6/node_modules/@gsap/react": {
      "version": "2.1.2",
      "license": "SEE LICENSE AT https://gsap.com/standard-license",
      "peerDependencies": {
        "gsap": "^3.12.5",
        "react": ">=17"
      }
    },
    "../../node_modules/.pnpm/@react-three+fiber@9.6.1_@t_fe5d82d77b543a44f47192d4ac384fa3/node_modules/@react-three/fiber": {
      "version": "9.6.1",
      "license": "MIT",
      "dependencies": {
        "@babel/runtime": "^7.17.8",
        "@types/webxr": "*",
        "base64-js": "^1.5.1",
        "buffer": "^6.0.3",
        "its-fine": "^2.0.0",
        "react-use-measure": "^2.1.7",
        "scheduler": "^0.27.0",
        "suspend-react": "^0.1.3",
        "use-sync-external-store": "^1.4.0",
        "zustand": "^5.0.3"
      },
      "devDependencies": {
        "@types/react-reconciler": "^0.32.3",
        "react-reconciler": "^0.33.0"
      },
      "peerDependencies": {
        "expo": ">=43.0",
        "expo-asset": ">=8.4",
        "expo-file-system": ">=11.0",
        "expo-gl": ">=11.0",
        "react": ">=19 <19.3",
        "react-dom": ">=19 <19.3",
        "react-native": ">=0.78",
        "three": ">=0.156"
      },
      "peerDependenciesMeta": {
        "expo": {
          "optional": true
        },
        "expo-asset": {
          "optional": true
        },
        "expo-file-system": {
          "optional": true
        },
        "expo-gl": {
          "optional": true
        },
        "react-dom": {
          "optional": true
        },
        "react-native": {
          "optional": true
        }
      }
    },
    "../../node_modules/.pnpm/@react-three+postprocessing_f558b1a065af023265042cd508eae560/node_modules/@react-three/postprocessing": {
      "version": "3.0.4",
      "license": "MIT",
      "dependencies": {
        "maath": "^0.6.0",
        "n8ao": "^1.9.4",
        "postprocessing": "^6.36.6"
      },
      "devDependencies": {
        "@react-three/fiber": "^9.0.4",
        "@types/node": "^22.10.7",
        "@types/react": "^19.0.2",
        "@types/react-dom": "^19.0.2",
        "@types/three": "^0.156.0",
        "@typescript-eslint/eslint-plugin": "^5.59.1",
        "@typescript-eslint/parser": "^5.59.1",
        "eslint": "^8.39.0",
        "eslint-config-prettier": "^8.8.0",
        "eslint-import-resolver-alias": "^1.1.2",
        "eslint-plugin-import": "^2.27.5",
        "eslint-plugin-prettier": "^4.2.1",
        "eslint-plugin-react": "^7.32.2",
        "eslint-plugin-react-hooks": "^4.6.0",
        "prettier": "^2.8.8",
        "react": "^19.0.0",
        "react-dom": "^19.0.0",
        "rimraf": "^6.0.1",
        "three": "^0.156.0",
        "typescript": "^5.0.4",
        "vite": "^4.3.5",
        "vitest": "^2.1.8"
      },
      "peerDependencies": {
        "@react-three/fiber": "^9.0.0",
        "react": "^19.0",
        "three": ">= 0.156.0"
      }
    },
    "../../node_modules/.pnpm/@types+d3-array@3.2.2/node_modules/@types/d3-array": {
      "version": "3.2.2",
      "dev": true,
      "license": "MIT"
    },
    "../../node_modules/.pnpm/@types+d3-geo@3.1.0/node_modules/@types/d3-geo": {
      "version": "3.1.0",
      "dev": true,
      "license": "MIT",
      "dependencies": {
        "@types/geojson": "*"
      }
    },
    "../../node_modules/.pnpm/@types+node@24.12.4/node_modules/@types/node": {
      "version": "24.12.4",
      "dev": true,
      "license": "MIT",
      "dependencies": {
        "undici-types": "~7.16.0"
      }
    },
    "../../node_modules/.pnpm/@types+react-dom@19.2.3_@types+react@19.2.15/node_modules/@types/react-dom": {
      "version": "19.2.3",
      "dev": true,
      "license": "MIT",
      "peerDependencies": {
        "@types/react": "^19.2.0"
      }
    },
    "../../node_modules/.pnpm/@types+react@19.2.15/node_modules/@types/react": {
      "version": "19.2.15",
      "dev": true,
      "license": "MIT",
      "dependencies": {
        "csstype": "^3.2.2"
      }
    },
    "../../node_modules/.pnpm/@types+three@0.184.1/node_modules/@types/three": {
      "version": "0.184.1",
      "license": "MIT",
      "dependencies": {
        "@dimforge/rapier3d-compat": "~0.12.0",
        "@tweenjs/tween.js": "~23.1.3",
        "@types/stats.js": "*",
        "@types/webxr": ">=0.5.17",
        "fflate": "~0.8.2",
        "meshoptimizer": "~1.1.1"
      }
    },
    "../../node_modules/.pnpm/@types+topojson-client@3.1.5/node_modules/@types/topojson-client": {
      "version": "3.1.5",
      "dev": true,
      "license": "MIT",
      "dependencies": {
        "@types/geojson": "*",
        "@types/topojson-specification": "*"
      }
    },
    "../../node_modules/.pnpm/@vitejs+plugin-react@6.0.2_vite@8.0.14_@types+node@24.12.4_/node_modules/@vitejs/plugin-react": {
      "version": "6.0.2",
      "dev": true,
      "license": "MIT",
      "dependencies": {
        "@rolldown/pluginutils": "^1.0.0"
      },
      "devDependencies": {
        "@babel/core": "8.0.0-rc.4",
        "@rolldown/plugin-babel": "^0.2.3",
        "@vitejs/react-common": "workspace:*",
        "babel-plugin-react-compiler": "^1.0.0",
        "react": "^19.2.6",
        "react-dom": "^19.2.6",
        "rolldown": "^1.0.0",
        "tsdown": "^0.22.0",
        "vite": "^8.0.11"
      },
      "engines": {
        "node": "^20.19.0 || >=22.12.0"
      },
      "peerDependencies": {
        "@rolldown/plugin-babel": "^0.1.7 || ^0.2.0",
        "babel-plugin-react-compiler": "^1.0.0",
        "vite": "^8.0.0"
      },
      "peerDependenciesMeta": {
        "@rolldown/plugin-babel": {
          "optional": true
        },
        "babel-plugin-react-compiler": {
          "optional": true
        }
      }
    },
    "../../node_modules/.pnpm/d3-array@3.2.4/node_modules/d3-array": {
      "version": "3.2.4",
      "license": "ISC",
      "dependencies": {
        "internmap": "1 - 2"
      },
      "devDependencies": {
        "@rollup/plugin-node-resolve": "15",
        "d3-dsv": "3",
        "d3-random": "2 - 3",
        "eslint": "8",
        "jsdom": "21",
        "mocha": "10",
        "rollup": "3",
        "rollup-plugin-terser": "7"
      },
      "engines": {
        "node": ">=12"
      }
    },
    "../../node_modules/.pnpm/d3-geo@3.1.1/node_modules/d3-geo": {
      "version": "3.1.1",
      "license": "ISC",
      "dependencies": {
        "d3-array": "2.5.0 - 3"
      },
      "devDependencies": {
        "@rollup/plugin-terser": "0.4",
        "canvas": "2",
        "d3-format": "1 - 3",
        "eslint": "8",
        "mocha": "10",
        "pixelmatch": "5",
        "pngjs": "6",
        "rollup": "3",
        "topojson-client": "3",
        "world-atlas": "1"
      },
      "engines": {
        "node": ">=12"
      }
    },
    "../../node_modules/.pnpm/eslint-plugin-react-hooks@7.1.1_eslint@10.4.0/node_modules/eslint-plugin-react-hooks": {
      "version": "7.1.1",
      "dev": true,
      "license": "MIT",
      "dependencies": {
        "@babel/core": "^7.24.4",
        "@babel/parser": "^7.24.4",
        "hermes-parser": "^0.25.1",
        "zod": "^3.25.0 || ^4.0.0",
        "zod-validation-error": "^3.5.0 || ^4.0.0"
      },
      "devDependencies": {
        "@babel/eslint-parser": "^7.11.4",
        "@babel/preset-typescript": "^7.26.0",
        "@babel/types": "^7.19.0",
        "@tsconfig/strictest": "^2.0.5",
        "@types/eslint": "^9.6.1",
        "@types/estree": "^1.0.6",
        "@types/estree-jsx": "^1.0.5",
        "@types/node": "^20.2.5",
        "@typescript-eslint/parser-v2": "npm:@typescript-eslint/parser@^2.26.0",
        "@typescript-eslint/parser-v3": "npm:@typescript-eslint/parser@^3.10.0",
        "@typescript-eslint/parser-v4": "npm:@typescript-eslint/parser@^4.1.0",
        "@typescript-eslint/parser-v5": "npm:@typescript-eslint/parser@^5.62.0",
        "babel-eslint": "^10.0.3",
        "eslint-v7": "npm:eslint@^7.7.0",
        "eslint-v8": "npm:eslint@^8.57.1",
        "eslint-v9": "npm:eslint@^9.0.0",
        "jest": "^29.5.0",
        "typescript": "^5.4.3"
      },
      "engines": {
        "node": ">=18"
      },
      "peerDependencies": {
        "eslint": "^3.0.0 || ^4.0.0 || ^5.0.0 || ^6.0.0 || ^7.0.0 || ^8.0.0-0 || ^9.0.0 || ^10.0.0"
      }
    },
    "../../node_modules/.pnpm/eslint-plugin-react-refresh@0.5.2_eslint@10.4.0/node_modules/eslint-plugin-react-refresh": {
      "version": "0.5.2",
      "dev": true,
      "license": "MIT",
      "peerDependencies": {
        "eslint": "^9 || ^10"
      }
    },
    "../../node_modules/.pnpm/eslint@10.4.0/node_modules/eslint": {
      "version": "10.4.0",
      "dev": true,
      "license": "MIT",
      "dependencies": {
        "@eslint-community/eslint-utils": "^4.8.0",
        "@eslint-community/regexpp": "^4.12.2",
        "@eslint/config-array": "^0.23.5",
        "@eslint/config-helpers": "^0.6.0",
        "@eslint/core": "^1.2.1",
        "@eslint/plugin-kit": "^0.7.1",
        "@humanfs/node": "^0.16.6",
        "@humanwhocodes/module-importer": "^1.0.1",
        "@humanwhocodes/retry": "^0.4.2",
        "@types/estree": "^1.0.6",
        "ajv": "^6.14.0",
        "cross-spawn": "^7.0.6",
        "debug": "^4.3.2",
        "escape-string-regexp": "^4.0.0",
        "eslint-scope": "^9.1.2",
        "eslint-visitor-keys": "^5.0.1",
        "espree": "^11.2.0",
        "esquery": "^1.7.0",
        "esutils": "^2.0.2",
        "fast-deep-equal": "^3.1.3",
        "file-entry-cache": "^8.0.0",
        "find-up": "^5.0.0",
        "glob-parent": "^6.0.2",
        "ignore": "^5.2.0",
        "imurmurhash": "^0.1.4",
        "is-glob": "^4.0.0",
        "json-stable-stringify-without-jsonify": "^1.0.1",
        "minimatch": "^10.2.4",
        "natural-compare": "^1.4.0",
        "optionator": "^0.9.3"
      },
      "bin": {
        "eslint": "bin/eslint.js"
      },
      "devDependencies": {
        "@arethetypeswrong/cli": "^0.18.0",
        "@babel/core": "^7.4.3",
        "@babel/preset-env": "^7.4.3",
        "@cypress/webpack-preprocessor": "^6.0.2",
        "@eslint/eslintrc": "^3.3.5",
        "@eslint/json": "^1.2.0",
        "@types/esquery": "^1.5.4",
        "@types/node": "^22.13.14",
        "@typescript-eslint/parser": "^8.58.2",
        "babel-loader": "^8.0.5",
        "c8": "^11.0.0",
        "chai": "^4.0.1",
        "cheerio": "^0.22.0",
        "common-tags": "^1.8.0",
        "core-js": "^3.1.3",
        "cypress": "^14.1.0",
        "ejs": "^3.0.2",
        "eslint": "file:.",
        "eslint-config-eslint": "file:packages/eslint-config-eslint",
        "eslint-plugin-eslint-plugin": "^7.3.2",
        "eslint-plugin-expect-type": "^0.6.0",
        "eslint-plugin-yml": "^1.14.0",
        "eslint-release": "^3.3.0",
        "eslint-rule-extender": "^0.0.1",
        "eslump": "^3.0.0",
        "esprima": "^4.0.1",
        "fs-teardown": "^0.1.3",
        "glob": "^10.0.0",
        "globals": "^16.2.0",
        "got": "^11.8.3",
        "gray-matter": "^4.0.3",
        "jiti": "^2.6.1",
        "knip": "^6.13.1",
        "lint-staged": "^11.0.0",
        "markdown-it": "^12.2.0",
        "markdown-it-container": "^3.0.0",
        "markdownlint-cli2": "^0.22.0",
        "marked": "^4.0.8",
        "metascraper": "^5.25.7",
        "metascraper-description": "^5.25.7",
        "metascraper-image": "^5.29.3",
        "metascraper-logo": "^5.25.7",
        "metascraper-logo-favicon": "^5.25.7",
        "metascraper-title": "^5.25.7",
        "mocha": "^11.7.1",
        "node-polyfill-webpack-plugin": "^1.0.3",
        "npm-license": "^0.3.3",
        "prettier": "3.8.3",
        "progress": "^2.0.3",
        "proxyquire": "^2.0.1",
        "regenerator-runtime": "^0.14.0",
        "semver": "^7.5.3",
        "shelljs": "^0.10.0",
        "sinon": "^11.0.0",
        "typescript": "^6.0.3",
        "webpack": "^5.23.0",
        "webpack-cli": "^4.5.0",
        "yorkie": "^2.0.0"
      },
      "engines": {
        "node": "^20.19.0 || ^22.13.0 || >=24"
      },
      "funding": {
        "url": "https://eslint.org/donate"
      },
      "peerDependencies": {
        "jiti": "*"
      },
      "peerDependenciesMeta": {
        "jiti": {
          "optional": true
        }
      }
    },
    "../../node_modules/.pnpm/globals@17.6.0/node_modules/globals": {
      "version": "17.6.0",
      "dev": true,
      "license": "MIT",
      "devDependencies": {
        "@vitest/eslint-plugin": "^1.1.44",
        "ava": "^6.3.0",
        "cheerio": "^1.0.0",
        "eslint-plugin-jest": "^28.11.0",
        "get-port": "^7.1.0",
        "is-identifier": "^1.0.1",
        "nano-spawn": "^0.2.0",
        "npm-run-all2": "^8.0.1",
        "outdent": "^0.8.0",
        "puppeteer": "^24.42.0",
        "shelljs": "^0.9.2",
        "tsd": "^0.32.0",
        "type-fest": "^4.41.0",
        "xo": "^0.60.0"
      },
      "engines": {
        "node": ">=18"
      },
      "funding": {
        "url": "https://github.com/sponsors/sindresorhus"
      }
    },
    "../../node_modules/.pnpm/gsap@3.15.0/node_modules/gsap": {
      "version": "3.15.0",
      "license": "Standard 'no charge' license: https://gsap.com/standard-license."
    },
    "../../node_modules/.pnpm/ogl@1.0.11/node_modules/ogl": {
      "version": "1.0.11",
      "license": "Unlicense"
    },
    "../../node_modules/.pnpm/postprocessing@6.39.1_three@0.184.0/node_modules/postprocessing": {
      "version": "6.39.1",
      "license": "Zlib",
      "devDependencies": {
        "@tweakpane/core": "2.x.x",
        "@types/node": "25.x.x",
        "@types/three": "0.x.x",
        "autoprefixer": "10.x.x",
        "ava": "7.x.x",
        "cpy-cli": "7.x.x",
        "cssnano": "7.x.x",
        "dat.gui": "0.x.x",
        "del-cli": "7.x.x",
        "esbuild": "0.28.x",
        "esbuild-plugin-glsl": "1.x.x",
        "esdoc": "1.x.x",
        "esdoc-importpath-plugin": "1.x.x",
        "esdoc-standard-plugin": "1.x.x",
        "eslint": "10.x.x",
        "eslint-config-aether": "3.x.x",
        "gzipper": "8.x.x",
        "hugo-bin": "0.x.x",
        "npm-run-all": "4.x.x",
        "postcss": "8.x.x",
        "postcss-cli": "11.x.x",
        "postcss-preset-env": "11.x.x",
        "sass": "1.x.x",
        "spatial-controls": "6.x.x",
        "stylelint": "17.x.x",
        "stylelint-config-standard-scss": "17.x.x",
        "stylelint-order": "8.x.x",
        "three": "0.x.x",
        "three-demo": "5.x.x",
        "tweakpane": "4.x.x",
        "typescript": "6.0.x"
      },
      "peerDependencies": {
        "three": ">= 0.168.0 < 0.185.0"
      }
    },
    "../../node_modules/.pnpm/react-dom@19.2.6_react@19.2.6/node_modules/react-dom": {
      "version": "19.2.6",
      "license": "MIT",
      "dependencies": {
        "scheduler": "^0.27.0"
      },
      "peerDependencies": {
        "react": "^19.2.6"
      }
    },
    "../../node_modules/.pnpm/react-globe.gl@2.38.0_react@19.2.6/node_modules/react-globe.gl": {
      "version": "2.38.0",
      "license": "MIT",
      "dependencies": {
        "globe.gl": "^2.46",
        "prop-types": "15",
        "react-kapsule": "^2.5"
      },
      "devDependencies": {
        "@babel/core": "^7.29.0",
        "@babel/preset-env": "^7.29.5",
        "@babel/preset-react": "^7.28.5",
        "@rollup/plugin-babel": "^7.0.0",
        "@rollup/plugin-commonjs": "^29.0.2",
        "@rollup/plugin-node-resolve": "^16.0.3",
        "@rollup/plugin-replace": "^6.0.3",
        "@rollup/plugin-terser": "^1.0.0",
        "@types/react": "^19.2.14",
        "rimraf": "^6.1.3",
        "rollup": "^4.60.4",
        "rollup-plugin-dts": "^6.4.1",
        "typescript": "^6.0.3"
      },
      "engines": {
        "node": ">=12"
      },
      "peerDependencies": {
        "react": "*"
      }
    },
    "../../node_modules/.pnpm/react@19.2.6/node_modules/react": {
      "version": "19.2.6",
      "license": "MIT",
      "engines": {
        "node": ">=0.10.0"
      }
    },
    "../../node_modules/.pnpm/three@0.184.0/node_modules/three": {
      "version": "0.184.0",
      "license": "MIT",
      "devDependencies": {
        "@eslint/js": "^9.0.0",
        "@rollup/plugin-node-resolve": "^16.0.0",
        "@rollup/plugin-terser": "^1.0.0",
        "eslint": "^9.0.0",
        "eslint-config-mdcs": "^5.0.0",
        "eslint-plugin-compat": "^7.0.0",
        "eslint-plugin-html": "^8.1.3",
        "eslint-plugin-jsdoc": "^62.0.0",
        "globals": "^17.0.0",
        "jpeg-js": "^0.4.4",
        "jsdoc": "^4.0.5",
        "magic-string": "^0.30.0",
        "pngjs": "^7.0.0",
        "puppeteer": "^24.40.0",
        "qunit": "^2.19.4",
        "rollup": "^4.6.0",
        "turndown": "^7.2.2"
      }
    },
    "../../node_modules/.pnpm/topojson-client@3.1.0/node_modules/topojson-client": {
      "version": "3.1.0",
      "license": "ISC",
      "dependencies": {
        "commander": "2"
      },
      "bin": {
        "topo2geo": "bin/topo2geo",
        "topomerge": "bin/topomerge",
        "topoquantize": "bin/topoquantize"
      },
      "devDependencies": {
        "eslint": "6",
        "rollup": "1",
        "rollup-plugin-terser": "5",
        "tape": "4"
      }
    },
    "../../node_modules/.pnpm/typescript-eslint@8.60.0_eslint@10.4.0_typescript@6.0.3/node_modules/typescript-eslint": {
      "version": "8.60.0",
      "dev": true,
      "license": "MIT",
      "dependencies": {
        "@typescript-eslint/eslint-plugin": "8.60.0",
        "@typescript-eslint/parser": "8.60.0",
        "@typescript-eslint/typescript-estree": "8.60.0",
        "@typescript-eslint/utils": "8.60.0"
      },
      "devDependencies": {
        "@vitest/coverage-v8": "^4.0.18",
        "eslint": "^10.0.0",
        "rimraf": "^5.0.10",
        "typescript": ">=4.8.4 <6.1.0",
        "vitest": "^4.0.18"
      },
      "engines": {
        "node": "^18.18.0 || ^20.9.0 || >=21.1.0"
      },
      "funding": {
        "type": "opencollective",
        "url": "https://opencollective.com/typescript-eslint"
      },
      "peerDependencies": {
        "eslint": "^8.57.0 || ^9.0.0 || ^10.0.0",
        "typescript": ">=4.8.4 <6.1.0"
      }
    },
    "../../node_modules/.pnpm/typescript@6.0.3/node_modules/typescript": {
      "version": "6.0.3",
      "dev": true,
      "license": "Apache-2.0",
      "bin": {
        "tsc": "bin/tsc",
        "tsserver": "bin/tsserver"
      },
      "devDependencies": {
        "@dprint/formatter": "^0.4.1",
        "@dprint/typescript": "0.93.4",
        "@esfx/canceltoken": "^1.0.0",
        "@eslint/js": "^10.0.1",
        "@octokit/rest": "^22.0.1",
        "@types/chai": "^4.3.20",
        "@types/minimist": "^1.2.5",
        "@types/mocha": "^10.0.10",
        "@types/ms": "^2.1.0",
        "@types/node": "latest",
        "@types/source-map-support": "^0.5.10",
        "@types/which": "^3.0.4",
        "@typescript-eslint/rule-tester": "^8.56.1",
        "@typescript-eslint/type-utils": "^8.56.1",
        "@typescript-eslint/utils": "^8.56.1",
        "azure-devops-node-api": "^15.1.3",
        "c8": "^10.1.3",
        "chai": "^4.5.0",
        "chokidar": "^4.0.3",
        "diff": "^8.0.3",
        "dprint": "^0.49.1",
        "esbuild": "^0.27.3",
        "eslint": "^10.0.2",
        "eslint-plugin-regexp": "^3.0.0",
        "fast-xml-parser": "^5.4.1",
        "glob": "^10.5.0",
        "globals": "^17.4.0",
        "hereby": "^1.12.0",
        "jsonc-parser": "^3.3.1",
        "knip": "^5.85.0",
        "minimist": "^1.2.8",
        "mocha": "^10.8.2",
        "mocha-fivemat-progress-reporter": "^0.1.0",
        "monocart-coverage-reports": "^2.12.9",
        "ms": "^2.1.3",
        "picocolors": "^1.1.1",
        "playwright": "^1.58.2",
        "source-map-support": "^0.5.21",
        "tslib": "^2.8.1",
        "typescript": "^5.9.3",
        "typescript-eslint": "^8.56.1",
        "which": "^3.0.1"
      },
      "engines": {
        "node": ">=14.17"
      }
    },
    "../../node_modules/.pnpm/vite@8.0.14_@types+node@24.12.4/node_modules/vite": {
      "version": "8.0.14",
      "dev": true,
      "license": "MIT",
      "dependencies": {
        "lightningcss": "^1.32.0",
        "picomatch": "^4.0.4",
        "postcss": "^8.5.15",
        "rolldown": "1.0.2",
        "tinyglobby": "^0.2.16"
      },
      "bin": {
        "vite": "bin/vite.js"
      },
      "devDependencies": {
        "@babel/parser": "^7.29.3",
        "@jridgewell/remapping": "^2.3.5",
        "@jridgewell/trace-mapping": "^0.3.31",
        "@polka/compression": "^1.0.0-next.25",
        "@rollup/plugin-alias": "^6.0.0",
        "@rollup/plugin-dynamic-import-vars": "2.1.4",
        "@rollup/pluginutils": "^5.3.0",
        "@types/escape-html": "^1.0.4",
        "@types/pnpapi": "^0.0.5",
        "@vercel/detect-agent": "^1.2.3",
        "@vitejs/devtools": "^0.1.24",
        "@vitest/utils": "4.1.7",
        "artichokie": "^0.4.3",
        "baseline-browser-mapping": "^2.10.31",
        "cac": "^7.0.0",
        "chokidar": "^3.6.0",
        "connect": "^3.7.0",
        "convert-source-map": "^2.0.0",
        "cors": "^2.8.6",
        "cross-spawn": "^7.0.6",
        "dotenv-expand": "^13.0.0",
        "es-module-lexer": "^1.7.0",
        "esbuild": "^0.28.0",
        "escape-html": "^1.0.3",
        "estree-walker": "^3.0.3",
        "etag": "^1.8.1",
        "host-validation-middleware": "^0.1.4",
        "http-proxy-3": "^1.23.2",
        "launch-editor-middleware": "^2.13.2",
        "magic-string": "^0.30.21",
        "mlly": "^1.8.2",
        "mrmime": "^2.0.1",
        "nanoid": "^5.1.11",
        "obug": "^1.0.2",
        "open": "^10.2.0",
        "parse5": "^8.0.1",
        "pathe": "^2.0.3",
        "periscopic": "^4.0.3",
        "picocolors": "^1.1.1",
        "postcss-import": "^16.1.1",
        "postcss-load-config": "^6.0.1",
        "postcss-modules": "^6.0.1",
        "premove": "^4.0.0",
        "resolve.exports": "^2.0.3",
        "rolldown-plugin-dts": "^0.25.1",
        "rollup": "^4.59.0",
        "rollup-plugin-license": "^3.7.1",
        "sass": "^1.99.0",
        "sass-embedded": "^1.99.0",
        "sirv": "^3.0.2",
        "strip-literal": "^3.1.0",
        "terser": "^5.47.1",
        "ufo": "^1.6.4",
        "ws": "^8.20.1"
      },
      "engines": {
        "node": "^20.19.0 || >=22.12.0"
      },
      "funding": {
        "url": "https://github.com/vitejs/vite?sponsor=1"
      },
      "optionalDependencies": {
        "fsevents": "~2.3.3"
      },
      "peerDependencies": {
        "@types/node": "^20.19.0 || >=22.12.0",
        "@vitejs/devtools": "^0.1.18",
        "esbuild": "^0.27.0 || ^0.28.0",
        "jiti": ">=1.21.0",
        "less": "^4.0.0",
        "sass": "^1.70.0",
        "sass-embedded": "^1.70.0",
        "stylus": ">=0.54.8",
        "sugarss": "^5.0.0",
        "terser": "^5.16.0",
        "tsx": "^4.8.1",
        "yaml": "^2.4.2"
      },
      "peerDependenciesMeta": {
        "@types/node": {
          "optional": true
        },
        "@vitejs/devtools": {
          "optional": true
        },
        "esbuild": {
          "optional": true
        },
        "jiti": {
          "optional": true
        },
        "less": {
          "optional": true
        },
        "sass": {
          "optional": true
        },
        "sass-embedded": {
          "optional": true
        },
        "stylus": {
          "optional": true
        },
        "sugarss": {
          "optional": true
        },
        "terser": {
          "optional": true
        },
        "tsx": {
          "optional": true
        },
        "yaml": {
          "optional": true
        }
      }
    },
    "node_modules/@eslint/js": {
      "resolved": "../../node_modules/.pnpm/@eslint+js@10.0.1_eslint@10.4.0/node_modules/@eslint/js",
      "link": true
    },
    "node_modules/@gsap/react": {
      "resolved": "../../node_modules/.pnpm/@gsap+react@2.1.2_gsap@3.15.0_react@19.2.6/node_modules/@gsap/react",
      "link": true
    },
    "node_modules/@react-three/fiber": {
      "resolved": "../../node_modules/.pnpm/@react-three+fiber@9.6.1_@t_fe5d82d77b543a44f47192d4ac384fa3/node_modules/@react-three/fiber",
      "link": true
    },
    "node_modules/@react-three/postprocessing": {
      "resolved": "../../node_modules/.pnpm/@react-three+postprocessing_f558b1a065af023265042cd508eae560/node_modules/@react-three/postprocessing",
      "link": true
    },
    "node_modules/@types/d3-array": {
      "resolved": "../../node_modules/.pnpm/@types+d3-array@3.2.2/node_modules/@types/d3-array",
      "link": true
    },
    "node_modules/@types/d3-geo": {
      "resolved": "../../node_modules/.pnpm/@types+d3-geo@3.1.0/node_modules/@types/d3-geo",
      "link": true
    },
    "node_modules/@types/node": {
      "resolved": "../../node_modules/.pnpm/@types+node@24.12.4/node_modules/@types/node",
      "link": true
    },
    "node_modules/@types/react": {
      "resolved": "../../node_modules/.pnpm/@types+react@19.2.15/node_modules/@types/react",
      "link": true
    },
    "node_modules/@types/react-dom": {
      "resolved": "../../node_modules/.pnpm/@types+react-dom@19.2.3_@types+react@19.2.15/node_modules/@types/react-dom",
      "link": true
    },
    "node_modules/@types/three": {
      "resolved": "../../node_modules/.pnpm/@types+three@0.184.1/node_modules/@types/three",
      "link": true
    },
    "node_modules/@types/topojson-client": {
      "resolved": "../../node_modules/.pnpm/@types+topojson-client@3.1.5/node_modules/@types/topojson-client",
      "link": true
    },
    "node_modules/@vitejs/plugin-react": {
      "resolved": "../../node_modules/.pnpm/@vitejs+plugin-react@6.0.2_vite@8.0.14_@types+node@24.12.4_/node_modules/@vitejs/plugin-react",
      "link": true
    },
    "node_modules/d3-array": {
      "resolved": "../../node_modules/.pnpm/d3-array@3.2.4/node_modules/d3-array",
      "link": true
    },
    "node_modules/d3-geo": {
      "resolved": "../../node_modules/.pnpm/d3-geo@3.1.1/node_modules/d3-geo",
      "link": true
    },
    "node_modules/eslint": {
      "resolved": "../../node_modules/.pnpm/eslint@10.4.0/node_modules/eslint",
      "link": true
    },
    "node_modules/eslint-plugin-react-hooks": {
      "resolved": "../../node_modules/.pnpm/eslint-plugin-react-hooks@7.1.1_eslint@10.4.0/node_modules/eslint-plugin-react-hooks",
      "link": true
    },
    "node_modules/eslint-plugin-react-refresh": {
      "resolved": "../../node_modules/.pnpm/eslint-plugin-react-refresh@0.5.2_eslint@10.4.0/node_modules/eslint-plugin-react-refresh",
      "link": true
    },
    "node_modules/framer-motion": {
      "version": "11.18.2",
      "resolved": "https://registry.npmjs.org/framer-motion/-/framer-motion-11.18.2.tgz",
      "integrity": "sha512-5F5Och7wrvtLVElIpclDT0CBzMVg3dL22B64aZwHtsIY8RB4mXICLrkajK4G9R+ieSAGcgrLeae2SeUTg2pr6w==",
      "license": "MIT",
      "dependencies": {
        "motion-dom": "^11.18.1",
        "motion-utils": "^11.18.1",
        "tslib": "^2.4.0"
      },
      "peerDependencies": {
        "@emotion/is-prop-valid": "*",
        "react": "^18.0.0 || ^19.0.0",
        "react-dom": "^18.0.0 || ^19.0.0"
      },
      "peerDependenciesMeta": {
        "@emotion/is-prop-valid": {
          "optional": true
        },
        "react": {
          "optional": true
        },
        "react-dom": {
          "optional": true
        }
      }
    },
    "node_modules/globals": {
      "resolved": "../../node_modules/.pnpm/globals@17.6.0/node_modules/globals",
      "link": true
    },
    "node_modules/gsap": {
      "resolved": "../../node_modules/.pnpm/gsap@3.15.0/node_modules/gsap",
      "link": true
    },
    "node_modules/lenis": {
      "version": "1.3.23",
      "resolved": "https://registry.npmjs.org/lenis/-/lenis-1.3.23.tgz",
      "integrity": "sha512-YxYq3TJqj9sJNv0V9SkyQHejt14xwyIwgDaaMK89Uf9SxQfIszu+gTQSSphh6BWlLTNVKvvXAGkg+Zf+oFIevg==",
      "license": "MIT",
      "workspaces": [
        "packages/*",
        "playground",
        "playground/*"
      ],
      "funding": {
        "type": "github",
        "url": "https://github.com/sponsors/darkroomengineering"
      },
      "peerDependencies": {
        "@nuxt/kit": ">=3.0.0",
        "react": ">=17.0.0",
        "vue": ">=3.0.0"
      },
      "peerDependenciesMeta": {
        "@nuxt/kit": {
          "optional": true
        },
        "react": {
          "optional": true
        },
        "vue": {
          "optional": true
        }
      }
    },
    "node_modules/motion": {
      "version": "11.18.2",
      "resolved": "https://registry.npmjs.org/motion/-/motion-11.18.2.tgz",
      "integrity": "sha512-JLjvFDuFr42NFtcVoMAyC2sEjnpA8xpy6qWPyzQvCloznAyQ8FIXioxWfHiLtgYhoVpfUqSWpn1h9++skj9+Wg==",
      "license": "MIT",
      "dependencies": {
        "framer-motion": "^11.18.2",
        "tslib": "^2.4.0"
      },
      "peerDependencies": {
        "@emotion/is-prop-valid": "*",
        "react": "^18.0.0 || ^19.0.0",
        "react-dom": "^18.0.0 || ^19.0.0"
      },
      "peerDependenciesMeta": {
        "@emotion/is-prop-valid": {
          "optional": true
        },
        "react": {
          "optional": true
        },
        "react-dom": {
          "optional": true
        }
      }
    },
    "node_modules/motion-dom": {
      "version": "11.18.1",
      "resolved": "https://registry.npmjs.org/motion-dom/-/motion-dom-11.18.1.tgz",
      "integrity": "sha512-g76KvA001z+atjfxczdRtw/RXOM3OMSdd1f4DL77qCTF/+avrRJiawSG4yDibEQ215sr9kpinSlX2pCTJ9zbhw==",
      "license": "MIT",
      "dependencies": {
        "motion-utils": "^11.18.1"
      }
    },
    "node_modules/motion-utils": {
      "version": "11.18.1",
      "resolved": "https://registry.npmjs.org/motion-utils/-/motion-utils-11.18.1.tgz",
      "integrity": "sha512-49Kt+HKjtbJKLtgO/LKj9Ld+6vw9BjH5d9sc40R/kVyH8GLAXgT42M2NnuPcJNuA3s9ZfZBUcwIgpmZWGEE+hA==",
      "license": "MIT"
    },
    "node_modules/ogl": {
      "resolved": "../../node_modules/.pnpm/ogl@1.0.11/node_modules/ogl",
      "link": true
    },
    "node_modules/postprocessing": {
      "resolved": "../../node_modules/.pnpm/postprocessing@6.39.1_three@0.184.0/node_modules/postprocessing",
      "link": true
    },
    "node_modules/react": {
      "resolved": "../../node_modules/.pnpm/react@19.2.6/node_modules/react",
      "link": true
    },
    "node_modules/react-dom": {
      "resolved": "../../node_modules/.pnpm/react-dom@19.2.6_react@19.2.6/node_modules/react-dom",
      "link": true
    },
    "node_modules/react-globe.gl": {
      "resolved": "../../node_modules/.pnpm/react-globe.gl@2.38.0_react@19.2.6/node_modules/react-globe.gl",
      "link": true
    },
    "node_modules/three": {
      "resolved": "../../node_modules/.pnpm/three@0.184.0/node_modules/three",
      "link": true
    },
    "node_modules/topojson-client": {
      "resolved": "../../node_modules/.pnpm/topojson-client@3.1.0/node_modules/topojson-client",
      "link": true
    },
    "node_modules/tslib": {
      "version": "2.8.1",
      "resolved": "https://registry.npmjs.org/tslib/-/tslib-2.8.1.tgz",
      "integrity": "sha512-oJFu94HQb+KVduSUQL7wnpmqnfmLsOA/nAh6b6EH0wCEoK0/mPeXU6c3wKDV83MkOuHPRHtSXKKU99IBazS/2w==",
      "license": "0BSD"
    },
    "node_modules/typescript": {
      "resolved": "../../node_modules/.pnpm/typescript@6.0.3/node_modules/typescript",
      "link": true
    },
    "node_modules/typescript-eslint": {
      "resolved": "../../node_modules/.pnpm/typescript-eslint@8.60.0_eslint@10.4.0_typescript@6.0.3/node_modules/typescript-eslint",
      "link": true
    },
    "node_modules/vite": {
      "resolved": "../../node_modules/.pnpm/vite@8.0.14_@types+node@24.12.4/node_modules/vite",
      "link": true
    }
  }
}
